Microsoft Visual Studio Solution File, Format Version 11.00
# Visual Studio 2008

Project("{88BB62E6-5D55-B60C-0CBA-66BBC582A13F}") = "Chapocalypse", "Assembly-CSharp-firstpass.csproj", "{C01FAB54-B1D9-81ED-626B-CA43CF83FA24}"
EndProject
Project("{88BB62E6-5D55-B60C-0CBA-66BBC582A13F}") = "Chapocalypse", "Assembly-CSharp.csproj", "{DA338E7D-9C22-6621-CF58-124F9790C676}"
EndProject
Project("{88BB62E6-5D55-B60C-0CBA-66BBC582A13F}") = "Chapocalypse", "Assembly-CSharp-Editor-firstpass.csproj", "{3255695F-17A0-C0C4-B6DB-55BDAE48D041}"
EndProject
Project("{88BB62E6-5D55-B60C-0CBA-66BBC582A13F}") = "Chapocalypse", "Assembly-CSharp-Editor.csproj", "{591B47F1-0583-681E-C404-B35D992EA510}"
EndProject
Global
	GlobalSection(SolutionConfigurationPlatforms) = preSolution
		Debug|Any CPU = Debug|Any CPU
		Release|Any CPU = Release|Any CPU
	EndGlobalSection
	GlobalSection(ProjectConfigurationPlatforms) = postSolution
		{C01FAB54-B1D9-81ED-626B-CA43CF83FA24}.Debug|Any CPU.ActiveCfg = Debug|Any CPU
		{C01FAB54-B1D9-81ED-626B-CA43CF83FA24}.Debug|Any CPU.Build.0 = Debug|Any CPU
		{C01FAB54-B1D9-81ED-626B-CA43CF83FA24}.Release|Any CPU.ActiveCfg = Release|Any CPU
		{C01FAB54-B1D9-81ED-626B-CA43CF83FA24}.Release|Any CPU.Build.0 = Release|Any CPU
		{DA338E7D-9C22-6621-CF58-124F9790C676}.Debug|Any CPU.ActiveCfg = Debug|Any CPU
		{DA338E7D-9C22-6621-CF58-124F9790C676}.Debug|Any CPU.Build.0 = Debug|Any CPU
		{DA338E7D-9C22-6621-CF58-124F9790C676}.Release|Any CPU.ActiveCfg = Release|Any CPU
		{DA338E7D-9C22-6621-CF58-124F9790C676}.Release|Any CPU.Build.0 = Release|Any CPU
		{3255695F-17A0-C0C4-B6DB-55BDAE48D041}.Debug|Any CPU.ActiveCfg = Debug|Any CPU
		{3255695F-17A0-C0C4-B6DB-55BDAE48D041}.Debug|Any CPU.Build.0 = Debug|Any CPU
		{3255695F-17A0-C0C4-B6DB-55BDAE48D041}.Release|Any CPU.ActiveCfg = Release|Any CPU
		{3255695F-17A0-C0C4-B6DB-55BDAE48D041}.Release|Any CPU.Build.0 = Release|Any CPU
		{591B47F1-0583-681E-C404-B35D992EA510}.Debug|Any CPU.ActiveCfg = Debug|Any CPU
		{591B47F1-0583-681E-C404-B35D992EA510}.Debug|Any CPU.Build.0 = Debug|Any CPU
		{591B47F1-0583-681E-C404-B35D992EA510}.Release|Any CPU.ActiveCfg = Release|Any CPU
		{591B47F1-0583-681E-C404-B35D992EA510}.Release|Any CPU.Build.0 = Release|Any CPU
	EndGlobalSection
	GlobalSection(SolutionProperties) = preSolution
		HideSolutionNode = FALSE
	EndGlobalSection
	GlobalSection(MonoDevelopProperties) = preSolution
		StartupItem = Assembly-CSharp.csproj
	EndGlobalSection
EndGlobal
